<?xml version="1.0" encoding="utf-8"?>
<Project ToolsVersion="4.0" xmlns="http://schemas.microsoft.com/developer/msbuild/2003">
  <ItemGroup>
    <Filter Include="Resource Files">
      <UniqueIdentifier>{67DA6AB6-F800-4c08-8B7A-83BB121AAD01}</UniqueIdentifier>
      <Extensions>rc;ico;cur;bmp;dlg;rc2;rct;bin;rgs;gif;jpg;jpeg;jpe;resx;tiff;tif;png;wav;mfcribbon-ms</Extensions>
    </Filter>
    <Filter Include="Framework Files">
      <UniqueIdentifier>{93995380-89BD-4b04-88EB-625FBE52EBFB}</UniqueIdentifier>
      <Extensions>h;hh;hpp;hxx;h++;hm;inl;inc;ipp;xsd</Extensions>
    </Filter>
    <Filter Include="Game Files">
      <UniqueIdentifier>{4FC737F1-C7A5-4376-A066-2A32D752A2FF}</UniqueIdentifier>
      <Extensions>cpp;c;cc;cxx;c++;cppm;ixx;def;odl;idl;hpj;bat;asm;asmx</Extensions>
    </Filter>
  </ItemGroup>
  <ItemGroup>
    <ClCompile Include="Game.cpp">
      <Filter>Game Files</Filter>
    </ClCompile>
    <ClCompile Include="main.cpp">
      <Filter>Game Files</Filter>
    </ClCompile>
    <ClCompile Include="Core.cpp">
      <Filter>Framework Files</Filter>
    </ClCompile>
    <ClCompile Include="Matrix2x3.cpp">
      <Filter>Framework Files</Filter>
    </ClCompile>
    <ClCompile Include="pch.cpp">
      <Filter>Framework Files</Filter>
    </ClCompile>
    <ClCompile Include="SoundEffect.cpp">
      <Filter>Framework Files</Filter>
    </ClCompile>
    <ClCompile Include="SoundStream.cpp">
      <Filter>Framework Files</Filter>
    </ClCompile>
    <ClCompile Include="structs.cpp">
      <Filter>Framework Files</Filter>
    </ClCompile>
    <ClCompile Include="SVGParser.cpp">
      <Filter>Framework Files</Filter>
    </ClCompile>
    <ClCompile Include="Texture.cpp">
      <Filter>Framework Files</Filter>
    </ClCompile>
    <ClCompile Include="utils.cpp">
      <Filter>Framework Files</Filter>
    </ClCompile>
    <ClCompile Include="Vector2f.cpp">
      <Filter>Framework Files</Filter>
    </ClCompile>
    <ClCompile Include="Level.cpp">
      <Filter>Game Files</Filter>
    </ClCompile>
    <ClCompile Include="Avatar.cpp">
      <Filter>Game Files</Filter>
    </ClCompile>
    <ClCompile Include="Sprite.cpp">
      <Filter>Framework Files</Filter>
    </ClCompile>
    <ClCompile Include="Camera.cpp">
      <Filter>Game Files</Filter>
    </ClCompile>
    <ClCompile Include="HUD.cpp">
      <Filter>Game Files</Filter>
    </ClCompile>
    <ClCompile Include="Phantom.cpp">
      <Filter>Game Files</Filter>
    </ClCompile>
    <ClCompile Include="PhantomManager.cpp">
      <Filter>Game Files</Filter>
    </ClCompile>
    <ClCompile Include="AxeDemon.cpp">
      <Filter>Game Files</Filter>
    </ClCompile>
    <ClCompile Include="AxeDemonManager.cpp">
      <Filter>Game Files</Filter>
    </ClCompile>
    <ClCompile Include="Axe.cpp">
      <Filter>Game Files</Filter>
    </ClCompile>
    <ClCompile Include="Statue.cpp">
      <Filter>Game Files</Filter>
    </ClCompile>
    <ClCompile Include="ItemsManager.cpp">
      <Filter>Game Files</Filter>
    </ClCompile>
    <ClCompile Include="Pot.cpp">
      <Filter>Game Files</Filter>
    </ClCompile>
    <ClCompile Include="Coin.cpp">
      <Filter>Game Files</Filter>
    </ClCompile>
    <ClCompile Include="CoinBig.cpp">
      <Filter>Game Files</Filter>
    </ClCompile>
    <ClCompile Include="CoinSmall.cpp">
      <Filter>Game Files</Filter>
    </ClCompile>
    <ClCompile Include="CoinSkull.cpp">
      <Filter>Game Files</Filter>
    </ClCompile>
    <ClCompile Include="health.cpp">
      <Filter>Game Files</Filter>
    </ClCompile>
    <ClCompile Include="BigHealth.cpp">
      <Filter>Game Files</Filter>
    </ClCompile>
    <ClCompile Include="SmallHealth.cpp">
      <Filter>Game Files</Filter>
    </ClCompile>
    <ClCompile Include="Rubble.cpp">
      <Filter>Game Files</Filter>
    </ClCompile>
    <ClCompile Include="RubbleBig.cpp">
      <Filter>Game Files</Filter>
    </ClCompile>
    <ClCompile Include="RubbleSmall.cpp">
      <Filter>Game Files</Filter>
    </ClCompile>
    <ClCompile Include="FireBall.cpp">
      <Filter>Game Files</Filter>
    </ClCompile>
    <ClCompile Include="Boss.cpp">
      <Filter>Game Files</Filter>
    </ClCompile>
    <ClCompile Include="Feather.cpp">
      <Filter>Game Files</Filter>
    </ClCompile>
    <ClCompile Include="ExtraHealth.cpp">
      <Filter>Game Files</Filter>
    </ClCompile>
  </ItemGroup>
  <ItemGroup>
    <ClInclude Include="pch.h">
      <Filter>Framework Files</Filter>
    </ClInclude>
    <ClInclude Include="Core.h">
      <Filter>Framework Files</Filter>
    </ClInclude>
    <ClInclude Include="Matrix2x3.h">
      <Filter>Framework Files</Filter>
    </ClInclude>
    <ClInclude Include="SoundEffect.h">
      <Filter>Framework Files</Filter>
    </ClInclude>
    <ClInclude Include="SoundStream.h">
      <Filter>Framework Files</Filter>
    </ClInclude>
    <ClInclude Include="structs.h">
      <Filter>Framework Files</Filter>
    </ClInclude>
    <ClInclude Include="SVGParser.h">
      <Filter>Framework Files</Filter>
    </ClInclude>
    <ClInclude Include="Texture.h">
      <Filter>Framework Files</Filter>
    </ClInclude>
    <ClInclude Include="utils.h">
      <Filter>Framework Files</Filter>
    </ClInclude>
    <ClInclude Include="Vector2f.h">
      <Filter>Framework Files</Filter>
    </ClInclude>
    <ClInclude Include="Game.h">
      <Filter>Game Files</Filter>
    </ClInclude>
    <ClInclude Include="Level.h">
      <Filter>Game Files</Filter>
    </ClInclude>
    <ClInclude Include="Sprite.h">
      <Filter>Framework Files</Filter>
    </ClInclude>
    <ClInclude Include="Camera.h">
      <Filter>Game Files</Filter>
    </ClInclude>
    <ClInclude Include="HUD.h">
      <Filter>Game Files</Filter>
    </ClInclude>
    <ClInclude Include="Avatar.h">
      <Filter>Game Files</Filter>
    </ClInclude>
    <ClInclude Include="Phantom.h">
      <Filter>Game Files</Filter>
    </ClInclude>
    <ClInclude Include="PhantomManager.h">
      <Filter>Game Files</Filter>
    </ClInclude>
    <ClInclude Include="AxeDemon.h">
      <Filter>Game Files</Filter>
    </ClInclude>
    <ClInclude Include="AxeDemonManager.h">
      <Filter>Game Files</Filter>
    </ClInclude>
    <ClInclude Include="Axe.h">
      <Filter>Game Files</Filter>
    </ClInclude>
    <ClInclude Include="Statue.h">
      <Filter>Game Files</Filter>
    </ClInclude>
    <ClInclude Include="ItemsManager.h">
      <Filter>Game Files</Filter>
    </ClInclude>
    <ClInclude Include="Pot.h">
      <Filter>Game Files</Filter>
    </ClInclude>
    <ClInclude Include="Coin.h">
      <Filter>Game Files</Filter>
    </ClInclude>
    <ClInclude Include="CoinBig.h">
      <Filter>Game Files</Filter>
    </ClInclude>
    <ClInclude Include="CoinSmall.h">
      <Filter>Game Files</Filter>
    </ClInclude>
    <ClInclude Include="CoinSkull.h">
      <Filter>Game Files</Filter>
    </ClInclude>
    <ClInclude Include="health.h">
      <Filter>Game Files</Filter>
    </ClInclude>
    <ClInclude Include="BigHealth.h">
      <Filter>Game Files</Filter>
    </ClInclude>
    <ClInclude Include="Rubble.h">
      <Filter>Game Files</Filter>
    </ClInclude>
    <ClInclude Include="RubbleBig.h">
      <Filter>Game Files</Filter>
    </ClInclude>
    <ClInclude Include="FireBall.h">
      <Filter>Game Files</Filter>
    </ClInclude>
    <ClInclude Include="SmallHealth.h">
      <Filter>Game Files</Filter>
    </ClInclude>
    <ClInclude Include="Boss.h">
      <Filter>Game Files</Filter>
    </ClInclude>
    <ClInclude Include="Feather.h">
      <Filter>Game Files</Filter>
    </ClInclude>
    <ClInclude Include="ExtraHealth.h">
      <Filter>Game Files</Filter>
    </ClInclude>
    <ClInclude Include="RubbleSmall.h">
      <Filter>Game Files</Filter>
    </ClInclude>
  </ItemGroup>
  <ItemGroup>
    <None Include="SDLWin32.props" />
    <None Include="SDLx64.props" />
  </ItemGroup>
</Project>